
Microsoft Visual Studio Solution File, Format Version 12.00
# Visual Studio Version 17
VisualStudioVersion = 17.2.32505.173
MinimumVisualStudioVersion = 10.0.40219.1
Project("{9A19103F-16F7-4668-BE54-9A1E7A4F7556}") = "ClinicManagementApp", "ClinicManagementApp.csproj", "{85643E56-443D-4655-A45B-4E26FDF11865}"
EndProject
Global
	GlobalSection(SolutionConfigurationPlatforms) = preSolution
		Debug|Any CPU = Debug|Any CPU
		Release|Any CPU = Release|Any CPU
	EndGlobalSection
	GlobalSection(ProjectConfigurationPlatforms) = postSolution
		{85643E56-443D-4655-A45B-4E26FDF11865}.Debug|Any CPU.ActiveCfg = Debug|Any CPU
		{85643E56-443D-4655-A45B-4E26FDF11865}.Debug|Any CPU.Build.0 = Debug|Any CPU
		{85643E56-443D-4655-A45B-4E26FDF11865}.Release|Any CPU.ActiveCfg = Release|Any CPU
		{85643E56-443D-4655-A45B-4E26FDF11865}.Release|Any CPU.Build.0 = Release|Any CPU
	EndGlobalSection
	GlobalSection(SolutionProperties) = preSolution
		HideSolutionNode = FALSE
	EndGlobalSection
	GlobalSection(ExtensibilityGlobals) = postSolution
		SolutionGuid = {CE744B56-2BA7-4372-A0B4-12480A63281F}
	EndGlobalSection
EndGlobal
